
Microsoft Visual Studio Solution File, Format Version 12.00
# Visual Studio Version 16
VisualStudioVersion = 16.0.32802.440
MinimumVisualStudioVersion = 10.0.40219.1
Project("{FAE04EC0-301F-11D3-BF4B-00C04F79EFBC}") = "QLSV", "QLSV\QLSV.csproj", "{A9753CF7-C194-4BBC-8B41-A185FE71DB2B}"
EndProject
Global
	GlobalSection(SolutionConfigurationPlatforms) = preSolution
		Debug|Any CPU = Debug|Any CPU
		Release|Any CPU = Release|Any CPU
	EndGlobalSection
	GlobalSection(ProjectConfigurationPlatforms) = postSolution
		{A9753CF7-C194-4BBC-8B41-A185FE71DB2B}.Debug|Any CPU.ActiveCfg = Debug|Any CPU
		{A9753CF7-C194-4BBC-8B41-A185FE71DB2B}.Debug|Any CPU.Build.0 = Debug|Any CPU
		{A9753CF7-C194-4BBC-8B41-A185FE71DB2B}.Release|Any CPU.ActiveCfg = Release|Any CPU
		{A9753CF7-C194-4BBC-8B41-A185FE71DB2B}.Release|Any CPU.Build.0 = Release|Any CPU
	EndGlobalSection
	GlobalSection(SolutionProperties) = preSolution
		HideSolutionNode = FALSE
	EndGlobalSection
	GlobalSection(ExtensibilityGlobals) = postSolution
		SolutionGuid = {ED346B38-5F2D-45BC-A8CE-F6A563C740CA}
	EndGlobalSection
EndGlobal
